
Microsoft Visual Studio Solution File, Format Version 12.00
# Visual Studio 2012
Project("{FAE04EC0-301F-11D3-BF4B-00C04F79EFBC}") = "ChristmasLightsFinder.IOS", "ChristmasLightsFinder.IOS\ChristmasLightsFinder.IOS.csproj", "{01A16653-26B4-4E7E-BB68-8806F2BFA6EC}"
EndProject
Global
	GlobalSection(SolutionConfigurationPlatforms) = preSolution
		Debug|iPhoneSimulator = Debug|iPhoneSimulator
		Release|iPhone = Release|iPhone
		Release|iPhoneSimulator = Release|iPhoneSimulator
		Debug|iPhone = Debug|iPhone
	EndGlobalSection
	GlobalSection(ProjectConfigurationPlatforms) = postSolution
		{01A16653-26B4-4E7E-BB68-8806F2BFA6EC}.Debug|iPhone.ActiveCfg = Debug|iPhone
		{01A16653-26B4-4E7E-BB68-8806F2BFA6EC}.Debug|iPhone.Build.0 = Debug|iPhone
		{01A16653-26B4-4E7E-BB68-8806F2BFA6EC}.Debug|iPhoneSimulator.ActiveCfg = Debug|iPhoneSimulator
		{01A16653-26B4-4E7E-BB68-8806F2BFA6EC}.Debug|iPhoneSimulator.Build.0 = Debug|iPhoneSimulator
		{01A16653-26B4-4E7E-BB68-8806F2BFA6EC}.Release|iPhone.ActiveCfg = Release|iPhone
		{01A16653-26B4-4E7E-BB68-8806F2BFA6EC}.Release|iPhone.Build.0 = Release|iPhone
		{01A16653-26B4-4E7E-BB68-8806F2BFA6EC}.Release|iPhoneSimulator.ActiveCfg = Release|iPhoneSimulator
		{01A16653-26B4-4E7E-BB68-8806F2BFA6EC}.Release|iPhoneSimulator.Build.0 = Release|iPhoneSimulator
	EndGlobalSection
	GlobalSection(MonoDevelopProperties) = preSolution
		version = 1.0
	EndGlobalSection
EndGlobal
